{
  "version": 4,
  "terraform_version": "1.11.0",
  "serial": 1018,
  "lineage": "cd89462f-e19d-23be-5a4e-5e50c8982d48",
  "outputs": {
    "api_endpoint": {
      "value": "https://951qhzjxag.execute-api.eu-west-1.amazonaws.com/work/upload",
      "type": "string"
    }
  },
  "resources": [
    {
      "mode": "data",
      "type": "aws_iam_policy_document",
      "name": "AssumeEC2fullAccessToS3",
      "provider": "provider[\"registry.terraform.io/hashicorp/aws\"]",
      "instances": [
        {
          "schema_version": 0,
          "attributes": {
            "id": "2851119427",
            "json": "{\n  \"Version\": \"2012-10-17\",\n  \"Statement\": [\n    {\n      \"Effect\": \"Allow\",\n      \"Action\": \"sts:AssumeRole\",\n      \"Principal\": {\n        \"Service\": \"ec2.amazonaws.com\"\n      }\n    }\n  ]\n}",
            "minified_json": "{\"Version\":\"2012-10-17\",\"Statement\":[{\"Effect\":\"Allow\",\"Action\":\"sts:AssumeRole\",\"Principal\":{\"Service\":\"ec2.amazonaws.com\"}}]}",
            "override_json": null,
            "override_policy_documents": null,
            "policy_id": null,
            "source_json": null,
            "source_policy_documents": null,
            "statement": [
              {
                "actions": [
                  "sts:AssumeRole"
                ],
                "condition": [],
                "effect": "Allow",
                "not_actions": [],
                "not_principals": [],
                "not_resources": [],
                "principals": [
                  {
                    "identifiers": [
                      "ec2.amazonaws.com"
                    ],
                    "type": "Service"
                  }
                ],
                "resources": [],
                "sid": ""
              }
            ],
            "version": "2012-10-17"
          },
          "sensitive_attributes": []
        }
      ]
    },
    {
      "mode": "data",
      "type": "aws_iam_policy_document",
      "name": "assumerole",
      "provider": "provider[\"registry.terraform.io/hashicorp/aws\"]",
      "instances": [
        {
          "schema_version": 0,
          "attributes": {
            "id": "2690255455",
            "json": "{\n  \"Version\": \"2012-10-17\",\n  \"Statement\": [\n    {\n      \"Effect\": \"Allow\",\n      \"Action\": \"sts:AssumeRole\",\n      \"Principal\": {\n        \"Service\": \"lambda.amazonaws.com\"\n      }\n    }\n  ]\n}",
            "minified_json": "{\"Version\":\"2012-10-17\",\"Statement\":[{\"Effect\":\"Allow\",\"Action\":\"sts:AssumeRole\",\"Principal\":{\"Service\":\"lambda.amazonaws.com\"}}]}",
            "override_json": null,
            "override_policy_documents": null,
            "policy_id": null,
            "source_json": null,
            "source_policy_documents": null,
            "statement": [
              {
                "actions": [
                  "sts:AssumeRole"
                ],
                "condition": [],
                "effect": "Allow",
                "not_actions": [],
                "not_principals": [],
                "not_resources": [],
                "principals": [
                  {
                    "identifiers": [
                      "lambda.amazonaws.com"
                    ],
                    "type": "Service"
                  }
                ],
                "resources": [],
                "sid": ""
              }
            ],
            "version": "2012-10-17"
          },
          "sensitive_attributes": []
        }
      ]
    },
    {
      "mode": "data",
      "type": "aws_iam_policy_document",
      "name": "s3_permissions",
      "provider": "provider[\"registry.terraform.io/hashicorp/aws\"]",
      "instances": [
        {
          "schema_version": 0,
          "attributes": {
            "id": "1733643672",
            "json": "{\n  \"Version\": \"2012-10-17\",\n  \"Statement\": [\n    {\n      \"Effect\": \"Allow\",\n      \"Action\": \"s3:*\",\n      \"Resource\": [\n        \"arn:aws:s3:::tm-lode-bucket/*\",\n        \"arn:aws:s3:::tm-lode-bucket\"\n      ]\n    }\n  ]\n}",
            "minified_json": "{\"Version\":\"2012-10-17\",\"Statement\":[{\"Effect\":\"Allow\",\"Action\":\"s3:*\",\"Resource\":[\"arn:aws:s3:::tm-lode-bucket/*\",\"arn:aws:s3:::tm-lode-bucket\"]}]}",
            "override_json": null,
            "override_policy_documents": null,
            "policy_id": null,
            "source_json": null,
            "source_policy_documents": null,
            "statement": [
              {
                "actions": [
                  "s3:*"
                ],
                "condition": [],
                "effect": "Allow",
                "not_actions": [],
                "not_principals": [],
                "not_resources": [],
                "principals": [],
                "resources": [
                  "arn:aws:s3:::tm-lode-bucket",
                  "arn:aws:s3:::tm-lode-bucket/*"
                ],
                "sid": ""
              }
            ],
            "version": "2012-10-17"
          },
          "sensitive_attributes": []
        }
      ]
    },
    {
      "mode": "data",
      "type": "template_file",
      "name": "Apache",
      "provider": "provider[\"registry.terraform.io/hashicorp/template\"]",
      "instances": [
        {
          "schema_version": 0,
          "attributes": {
            "filename": null,
            "id": "e0b27b7032568102e518857ba2e97155b30e265236081770872e75231044c60d",
            "rendered": "#!/bin/bash\r\nsudo apt update\r\nsudo apt-get install -y apache2\r\nsudo systemctl start apache2\r\ncurl \"https://awscli.amazonaws.com/awscli-exe-linux-x86_64.zip\" -o \"awscliv2.zip\"\r\nsudo apt install unzip -y\r\nsudo unzip awscliv2.zip\r\nsudo ./aws/install\r\nsudo apt install mysql-client -y\r\n\r\nsudo rm /var/www/html/index.html\r\nsudo aws s3 sync s3://tm-lode-bucket /var/www/html\r\necho \"*/2 * * * * root aws s3 sync s3://tm-lode-bucket /var/www/html\" \u003e\u003e /etc/crontab\r\n\r\necho \"for filename in \\$(ls -1 /var/www/html); do mysql -u remote -premote -h 10.0.1.100 -e \\\"USE files; INSERT INTO file (name) VALUES ('\\$filename');\\\"; done\" \u003e /home/ubuntu/sql.sh\r\nsudo chmod 777 /home/ubuntu/sql.sh\r\necho \"*/2 * * * * root sudo /home/ubuntu/sql.sh\" \u003e\u003e /etc/crontab\r\n",
            "template": "#!/bin/bash\r\nsudo apt update\r\nsudo apt-get install -y apache2\r\nsudo systemctl start apache2\r\ncurl \"https://awscli.amazonaws.com/awscli-exe-linux-x86_64.zip\" -o \"awscliv2.zip\"\r\nsudo apt install unzip -y\r\nsudo unzip awscliv2.zip\r\nsudo ./aws/install\r\nsudo apt install mysql-client -y\r\n\r\nsudo rm /var/www/html/index.html\r\nsudo aws s3 sync s3://tm-lode-bucket /var/www/html\r\necho \"*/2 * * * * root aws s3 sync s3://tm-lode-bucket /var/www/html\" \u003e\u003e /etc/crontab\r\n\r\necho \"for filename in \\$(ls -1 /var/www/html); do mysql -u remote -premote -h 10.0.1.100 -e \\\"USE files; INSERT INTO file (name) VALUES ('\\$filename');\\\"; done\" \u003e /home/ubuntu/sql.sh\r\nsudo chmod 777 /home/ubuntu/sql.sh\r\necho \"*/2 * * * * root sudo /home/ubuntu/sql.sh\" \u003e\u003e /etc/crontab\r\n",
            "vars": null
          },
          "sensitive_attributes": []
        }
      ]
    },
    {
      "mode": "data",
      "type": "template_file",
      "name": "SQL",
      "provider": "provider[\"registry.terraform.io/hashicorp/template\"]",
      "instances": [
        {
          "schema_version": 0,
          "attributes": {
            "filename": null,
            "id": "e294212fc0db394c974a71a45706d7b3bd31213b5c6aefed5bdd5a26a60a0951",
            "rendered": "#!/bin/bash\r\nsudo apt-get update -y\r\nsudo apt-get install -y mysql-server\r\nsudo systemctl start mysql\r\nsudo systemctl enable mysql\r\nsudo mysql -e \"ALTER USER 'root'@'localhost' IDENTIFIED WITH caching_sha2_password BY 'secret'\";\r\necho s/127.0.0.1/10.0.1.100/g \u003e\u003e sed.sed\r\nsed -i 's/^bind-address\\s*=.*$/bind-address = 0.0.0.0/' /etc/mysql/mysql.conf.d/mysqld.cnf\r\nsudo sed -f sed.sed /etc/mysql/mysql.conf.d/mysqld.cnf -i\r\nsystemctl restart mysql\r\n\r\n\r\nsudo mysql -u root -psecret -e \"CREATE USER 'remote'@'%' IDENTIFIED BY 'remote';\" \u003e\u003e /home/ubuntu/mysql.sh\r\nsudo mysql -u root -psecret -e  \"GRANT ALL PRIVILEGES ON *.* TO 'remote'@'%' WITH GRANT OPTION;\" \u003e\u003e /home/ubuntu/mysql.sh\r\nsudo mysql -u root -psecret -e  \"FLUSH PRIVILEGES;\" \u003e\u003e /home/ubuntu/mysql.sh\r\n\r\nsudo mysql -u root -psecret -e \"CREATE DATABASE IF NOT EXISTS files;\"\r\nsleep 10\r\nsudo mysql -u root -psecret -e \"USE files; CREATE TABLE IF NOT EXISTS file (name VARCHAR(255) PRIMARY KEY);\"\r\n",
            "template": "#!/bin/bash\r\nsudo apt-get update -y\r\nsudo apt-get install -y mysql-server\r\nsudo systemctl start mysql\r\nsudo systemctl enable mysql\r\nsudo mysql -e \"ALTER USER 'root'@'localhost' IDENTIFIED WITH caching_sha2_password BY 'secret'\";\r\necho s/127.0.0.1/10.0.1.100/g \u003e\u003e sed.sed\r\nsed -i 's/^bind-address\\s*=.*$/bind-address = 0.0.0.0/' /etc/mysql/mysql.conf.d/mysqld.cnf\r\nsudo sed -f sed.sed /etc/mysql/mysql.conf.d/mysqld.cnf -i\r\nsystemctl restart mysql\r\n\r\n\r\nsudo mysql -u root -psecret -e \"CREATE USER 'remote'@'%' IDENTIFIED BY 'remote';\" \u003e\u003e /home/ubuntu/mysql.sh\r\nsudo mysql -u root -psecret -e  \"GRANT ALL PRIVILEGES ON *.* TO 'remote'@'%' WITH GRANT OPTION;\" \u003e\u003e /home/ubuntu/mysql.sh\r\nsudo mysql -u root -psecret -e  \"FLUSH PRIVILEGES;\" \u003e\u003e /home/ubuntu/mysql.sh\r\n\r\nsudo mysql -u root -psecret -e \"CREATE DATABASE IF NOT EXISTS files;\"\r\nsleep 10\r\nsudo mysql -u root -psecret -e \"USE files; CREATE TABLE IF NOT EXISTS file (name VARCHAR(255) PRIMARY KEY);\"\r\n",
            "vars": null
          },
          "sensitive_attributes": []
        }
      ]
    },
    {
      "mode": "managed",
      "type": "aws_api_gateway_deployment",
      "name": "upload_deployment",
      "provider": "provider[\"registry.terraform.io/hashicorp/aws\"]",
      "instances": [
        {
          "schema_version": 0,
          "attributes": {
            "canary_settings": [],
            "created_date": "2024-12-19T19:52:07Z",
            "description": "",
            "execution_arn": "arn:aws:execute-api:eu-west-1:248189904331:951qhzjxag/",
            "id": "f0zlsy",
            "invoke_url": "https://951qhzjxag.execute-api.eu-west-1.amazonaws.com/",
            "rest_api_id": "951qhzjxag",
            "stage_description": null,
            "stage_name": null,
            "triggers": null,
            "variables": null
          },
          "sensitive_attributes": [],
          "private": "bnVsbA==",
          "dependencies": [
            "aws_api_gateway_integration.integration_upload",
            "aws_api_gateway_rest_api.api_upload"
          ]
        }
      ]
    },
    {
      "mode": "managed",
      "type": "aws_api_gateway_integration",
      "name": "integration_upload",
      "provider": "provider[\"registry.terraform.io/hashicorp/aws\"]",
      "instances": [
        {
          "schema_version": 0,
          "attributes": {
            "cache_key_parameters": null,
            "cache_namespace": "f8yue1",
            "connection_id": "",
            "connection_type": "INTERNET",
            "content_handling": "",
            "credentials": "",
            "http_method": "POST",
            "id": "agi-951qhzjxag-f8yue1-POST",
            "integration_http_method": "POST",
            "passthrough_behavior": "WHEN_NO_MATCH",
            "request_parameters": null,
            "request_templates": null,
            "resource_id": "f8yue1",
            "rest_api_id": "951qhzjxag",
            "timeout_milliseconds": 29000,
            "tls_config": [],
            "type": "AWS_PROXY",
            "uri": "arn:aws:apigateway:eu-west-1:lambda:path/2015-03-31/functions/arn:aws:lambda:eu-west-1:248189904331:function:s3-upload-function/invocations"
          },
          "sensitive_attributes": [],
          "private": "bnVsbA==",
          "dependencies": [
            "aws_api_gateway_method.method_upload",
            "aws_api_gateway_resource.resource_upload",
            "aws_api_gateway_rest_api.api_upload",
            "aws_lambda_function.file_upload"
          ]
        }
      ]
    },
    {
      "mode": "managed",
      "type": "aws_api_gateway_method",
      "name": "method_upload",
      "provider": "provider[\"registry.terraform.io/hashicorp/aws\"]",
      "instances": [
        {
          "schema_version": 0,
          "attributes": {
            "api_key_required": false,
            "authorization": "NONE",
            "authorization_scopes": null,
            "authorizer_id": null,
            "http_method": "POST",
            "id": "agm-951qhzjxag-f8yue1-POST",
            "operation_name": null,
            "request_models": null,
            "request_parameters": null,
            "request_validator_id": null,
            "resource_id": "f8yue1",
            "rest_api_id": "951qhzjxag"
          },
          "sensitive_attributes": [],
          "private": "bnVsbA==",
          "dependencies": [
            "aws_api_gateway_resource.resource_upload",
            "aws_api_gateway_rest_api.api_upload"
          ]
        }
      ]
    },
    {
      "mode": "managed",
      "type": "aws_api_gateway_resource",
      "name": "resource_upload",
      "provider": "provider[\"registry.terraform.io/hashicorp/aws\"]",
      "instances": [
        {
          "schema_version": 0,
          "attributes": {
            "id": "f8yue1",
            "parent_id": "si2bly938i",
            "path": "/upload",
            "path_part": "upload",
            "rest_api_id": "951qhzjxag"
          },
          "sensitive_attributes": [],
          "private": "bnVsbA==",
          "dependencies": [
            "aws_api_gateway_rest_api.api_upload"
          ]
        }
      ]
    },
    {
      "mode": "managed",
      "type": "aws_api_gateway_rest_api",
      "name": "api_upload",
      "provider": "provider[\"registry.terraform.io/hashicorp/aws\"]",
      "instances": [
        {
          "schema_version": 0,
          "attributes": {
            "api_key_source": "HEADER",
            "arn": "arn:aws:apigateway:eu-west-1::/restapis/951qhzjxag",
            "binary_media_types": [],
            "body": null,
            "created_date": "2024-12-19T19:51:50Z",
            "description": "",
            "disable_execute_api_endpoint": false,
            "endpoint_configuration": [
              {
                "types": [
                  "EDGE"
                ],
                "vpc_endpoint_ids": []
              }
            ],
            "execution_arn": "arn:aws:execute-api:eu-west-1:248189904331:951qhzjxag",
            "fail_on_warnings": null,
            "id": "951qhzjxag",
            "minimum_compression_size": "",
            "name": "FileUploadAPI",
            "parameters": null,
            "policy": "",
            "put_rest_api_mode": null,
            "root_resource_id": "si2bly938i",
            "tags": null,
            "tags_all": {}
          },
          "sensitive_attributes": [],
          "private": "bnVsbA=="
        }
      ]
    },
    {
      "mode": "managed",
      "type": "aws_api_gateway_stage",
      "name": "name",
      "provider": "provider[\"registry.terraform.io/hashicorp/aws\"]",
      "instances": [
        {
          "schema_version": 0,
          "attributes": {
            "access_log_settings": [],
            "arn": "arn:aws:apigateway:eu-west-1::/restapis/951qhzjxag/stages/work",
            "cache_cluster_enabled": false,
            "cache_cluster_size": "",
            "canary_settings": [],
            "client_certificate_id": "",
            "deployment_id": "f0zlsy",
            "description": "",
            "documentation_version": "",
            "execution_arn": "arn:aws:execute-api:eu-west-1:248189904331:951qhzjxag/work",
            "id": "ags-951qhzjxag-work",
            "invoke_url": "https://951qhzjxag.execute-api.eu-west-1.amazonaws.com/work",
            "rest_api_id": "951qhzjxag",
            "stage_name": "work",
            "tags": null,
            "tags_all": {},
            "variables": null,
            "web_acl_arn": "",
            "xray_tracing_enabled": false
          },
          "sensitive_attributes": [],
          "private": "bnVsbA==",
          "dependencies": [
            "aws_api_gateway_deployment.upload_deployment",
            "aws_api_gateway_rest_api.api_upload"
          ]
        }
      ]
    },
    {
      "mode": "managed",
      "type": "aws_iam_instance_profile",
      "name": "EC2FullAccessToS3Profile",
      "provider": "provider[\"registry.terraform.io/hashicorp/aws\"]",
      "instances": [
        {
          "schema_version": 0,
          "attributes": {
            "arn": "arn:aws:iam::248189904331:instance-profile/EC2FullAccessToS3Profile",
            "create_date": "2024-12-19T19:51:51Z",
            "id": "EC2FullAccessToS3Profile",
            "name": "EC2FullAccessToS3Profile",
            "name_prefix": "",
            "path": "/",
            "role": "EC2FullAccessToS3Role",
            "tags": null,
            "tags_all": {},
            "unique_id": "AIPATTSKFMXFYJAGM7HOB"
          },
          "sensitive_attributes": [],
          "private": "bnVsbA==",
          "dependencies": [
            "aws_iam_role.EC2FullAccessToS3Role"
          ]
        }
      ]
    },
    {
      "mode": "managed",
      "type": "aws_iam_role",
      "name": "EC2FullAccessToS3Role",
      "provider": "provider[\"registry.terraform.io/hashicorp/aws\"]",
      "instances": [
        {
          "schema_version": 0,
          "attributes": {
            "arn": "arn:aws:iam::248189904331:role/EC2FullAccessToS3Role",
            "assume_role_policy": "{\"Statement\":[{\"Action\":\"sts:AssumeRole\",\"Effect\":\"Allow\",\"Principal\":{\"Service\":\"ec2.amazonaws.com\"}}],\"Version\":\"2012-10-17\"}",
            "create_date": "2024-12-19T19:51:50Z",
            "description": "",
            "force_detach_policies": false,
            "id": "EC2FullAccessToS3Role",
            "inline_policy": [],
            "managed_policy_arns": [],
            "max_session_duration": 3600,
            "name": "EC2FullAccessToS3Role",
            "name_prefix": "",
            "path": "/",
            "permissions_boundary": "",
            "tags": null,
            "tags_all": {},
            "unique_id": "AROATTSKFMXFY2CSANXWR"
          },
          "sensitive_attributes": [],
          "private": "bnVsbA==",
          "dependencies": [
            "data.aws_iam_policy_document.AssumeEC2fullAccessToS3"
          ]
        }
      ]
    },
    {
      "mode": "managed",
      "type": "aws_iam_role",
      "name": "lambda",
      "provider": "provider[\"registry.terraform.io/hashicorp/aws\"]",
      "instances": [
        {
          "schema_version": 0,
          "attributes": {
            "arn": "arn:aws:iam::248189904331:role/LambdaIAM",
            "assume_role_policy": "{\"Statement\":[{\"Action\":\"sts:AssumeRole\",\"Effect\":\"Allow\",\"Principal\":{\"Service\":\"lambda.amazonaws.com\"}}],\"Version\":\"2012-10-17\"}",
            "create_date": "2024-12-19T19:51:50Z",
            "description": "",
            "force_detach_policies": false,
            "id": "LambdaIAM",
            "inline_policy": [],
            "managed_policy_arns": [],
            "max_session_duration": 3600,
            "name": "LambdaIAM",
            "name_prefix": "",
            "path": "/",
            "permissions_boundary": "",
            "tags": null,
            "tags_all": {},
            "unique_id": "AROATTSKFMXF76ECF64AZ"
          },
          "sensitive_attributes": [],
          "private": "bnVsbA==",
          "dependencies": [
            "data.aws_iam_policy_document.assumerole"
          ]
        }
      ]
    },
    {
      "mode": "managed",
      "type": "aws_iam_role_policy",
      "name": "EC2_s3_policy",
      "provider": "provider[\"registry.terraform.io/hashicorp/aws\"]",
      "instances": [
        {
          "schema_version": 0,
          "attributes": {
            "id": "EC2FullAccessToS3Role:terraform-20241219195151076800000001",
            "name": "terraform-20241219195151076800000001",
            "name_prefix": "terraform-",
            "policy": "{\"Version\":\"2012-10-17\",\"Statement\":[{\"Action\":\"s3:*\",\"Effect\":\"Allow\",\"Resource\":[\"arn:aws:s3:::tm-lode-bucket/*\",\"arn:aws:s3:::tm-lode-bucket\"]}]}",
            "role": "EC2FullAccessToS3Role"
          },
          "sensitive_attributes": [],
          "private": "bnVsbA==",
          "dependencies": [
            "aws_iam_role.EC2FullAccessToS3Role",
            "data.aws_iam_policy_document.s3_permissions"
          ]
        }
      ]
    },
    {
      "mode": "managed",
      "type": "aws_iam_role_policy",
      "name": "lambda_s3_policy",
      "provider": "provider[\"registry.terraform.io/hashicorp/aws\"]",
      "instances": [
        {
          "schema_version": 0,
          "attributes": {
            "id": "LambdaIAM:LambdaS3Policy",
            "name": "LambdaS3Policy",
            "name_prefix": "",
            "policy": "{\"Version\":\"2012-10-17\",\"Statement\":[{\"Action\":\"s3:*\",\"Effect\":\"Allow\",\"Resource\":[\"arn:aws:s3:::tm-lode-bucket/*\",\"arn:aws:s3:::tm-lode-bucket\"]}]}",
            "role": "LambdaIAM"
          },
          "sensitive_attributes": [],
          "private": "bnVsbA==",
          "dependencies": [
            "aws_iam_role.lambda",
            "data.aws_iam_policy_document.s3_permissions"
          ]
        }
      ]
    },
    {
      "mode": "managed",
      "type": "aws_instance",
      "name": "Buntu-Webserver",
      "provider": "provider[\"registry.terraform.io/hashicorp/aws\"]",
      "instances": [
        {
          "schema_version": 1,
          "attributes": {
            "ami": "ami-0e9085e60087ce171",
            "arn": "arn:aws:ec2:eu-west-1:248189904331:instance/i-0b1df9c145668a27e",
            "associate_public_ip_address": true,
            "availability_zone": "eu-west-1b",
            "capacity_reservation_specification": [
              {
                "capacity_reservation_preference": "open",
                "capacity_reservation_target": []
              }
            ],
            "cpu_core_count": 1,
            "cpu_options": [
              {
                "amd_sev_snp": "",
                "core_count": 1,
                "threads_per_core": 1
              }
            ],
            "cpu_threads_per_core": 1,
            "credit_specification": [
              {
                "cpu_credits": "standard"
              }
            ],
            "disable_api_stop": false,
            "disable_api_termination": false,
            "ebs_block_device": [],
            "ebs_optimized": false,
            "enable_primary_ipv6": null,
            "enclave_options": [
              {
                "enabled": false
              }
            ],
            "ephemeral_block_device": [],
            "get_password_data": false,
            "hibernation": false,
            "host_id": "",
            "host_resource_group_arn": null,
            "iam_instance_profile": "EC2FullAccessToS3Profile",
            "id": "i-0b1df9c145668a27e",
            "instance_initiated_shutdown_behavior": "stop",
            "instance_lifecycle": "",
            "instance_market_options": [],
            "instance_state": "running",
            "instance_type": "t2.micro",
            "ipv6_address_count": 0,
            "ipv6_addresses": [],
            "key_name": "ConnectKey",
            "launch_template": [],
            "maintenance_options": [
              {
                "auto_recovery": "default"
              }
            ],
            "metadata_options": [
              {
                "http_endpoint": "enabled",
                "http_protocol_ipv6": "disabled",
                "http_put_response_hop_limit": 2,
                "http_tokens": "optional",
                "instance_metadata_tags": "disabled"
              }
            ],
            "monitoring": false,
            "network_interface": [],
            "outpost_arn": "",
            "password_data": "",
            "placement_group": "",
            "placement_partition_number": 0,
            "primary_network_interface_id": "eni-001e8e6d1f313efb2",
            "private_dns": "ip-10-0-0-157.eu-west-1.compute.internal",
            "private_dns_name_options": [
              {
                "enable_resource_name_dns_a_record": false,
                "enable_resource_name_dns_aaaa_record": false,
                "hostname_type": "ip-name"
              }
            ],
            "private_ip": "10.0.0.157",
            "public_dns": "",
            "public_ip": "34.249.245.117",
            "root_block_device": [
              {
                "delete_on_termination": true,
                "device_name": "/dev/sda1",
                "encrypted": false,
                "iops": 3000,
                "kms_key_id": "",
                "tags": {},
                "tags_all": {},
                "throughput": 125,
                "volume_id": "vol-0e3eed390fec27227",
                "volume_size": 8,
                "volume_type": "gp3"
              }
            ],
            "secondary_private_ips": [],
            "security_groups": [],
            "source_dest_check": true,
            "spot_instance_request_id": "",
            "subnet_id": "subnet-0caa3e71578d1814a",
            "tags": {
              "Name": "Buntu-Webserver"
            },
            "tags_all": {
              "Name": "Buntu-Webserver"
            },
            "tenancy": "default",
            "timeouts": null,
            "user_data": "0d2f92d9983c080f049857ba5d22db462f6760f9",
            "user_data_base64": null,
            "user_data_replace_on_change": false,
            "volume_tags": null,
            "vpc_security_group_ids": [
              "sg-0bd1a35271eaf7601"
            ]
          },
          "sensitive_attributes": [],
          "private": "eyJlMmJmYjczMC1lY2FhLTExZTYtOGY4OC0zNDM2M2JjN2M0YzAiOnsiY3JlYXRlIjo2MDAwMDAwMDAwMDAsImRlbGV0ZSI6MTIwMDAwMDAwMDAwMCwicmVhZCI6OTAwMDAwMDAwMDAwLCJ1cGRhdGUiOjYwMDAwMDAwMDAwMH0sInNjaGVtYV92ZXJzaW9uIjoiMSJ9",
          "dependencies": [
            "aws_iam_instance_profile.EC2FullAccessToS3Profile",
            "aws_security_group.SG-SSH-HTTP",
            "aws_subnet.Sub1",
            "data.template_file.Apache"
          ]
        }
      ]
    },
    {
      "mode": "managed",
      "type": "aws_instance",
      "name": "MySQL-server",
      "provider": "provider[\"registry.terraform.io/hashicorp/aws\"]",
      "instances": [
        {
          "schema_version": 1,
          "attributes": {
            "ami": "ami-0e9085e60087ce171",
            "arn": "arn:aws:ec2:eu-west-1:248189904331:instance/i-0255c8f7ba209fe95",
            "associate_public_ip_address": false,
            "availability_zone": "eu-west-1b",
            "capacity_reservation_specification": [
              {
                "capacity_reservation_preference": "open",
                "capacity_reservation_target": []
              }
            ],
            "cpu_core_count": 1,
            "cpu_options": [
              {
                "amd_sev_snp": "",
                "core_count": 1,
                "threads_per_core": 1
              }
            ],
            "cpu_threads_per_core": 1,
            "credit_specification": [
              {
                "cpu_credits": "standard"
              }
            ],
            "disable_api_stop": false,
            "disable_api_termination": false,
            "ebs_block_device": [],
            "ebs_optimized": false,
            "enable_primary_ipv6": null,
            "enclave_options": [
              {
                "enabled": false
              }
            ],
            "ephemeral_block_device": [],
            "get_password_data": false,
            "hibernation": false,
            "host_id": "",
            "host_resource_group_arn": null,
            "iam_instance_profile": "",
            "id": "i-0255c8f7ba209fe95",
            "instance_initiated_shutdown_behavior": "stop",
            "instance_lifecycle": "",
            "instance_market_options": [],
            "instance_state": "running",
            "instance_type": "t2.micro",
            "ipv6_address_count": 0,
            "ipv6_addresses": [],
            "key_name": "ConnectKey",
            "launch_template": [],
            "maintenance_options": [
              {
                "auto_recovery": "default"
              }
            ],
            "metadata_options": [
              {
                "http_endpoint": "enabled",
                "http_protocol_ipv6": "disabled",
                "http_put_response_hop_limit": 2,
                "http_tokens": "optional",
                "instance_metadata_tags": "disabled"
              }
            ],
            "monitoring": false,
            "network_interface": [],
            "outpost_arn": "",
            "password_data": "",
            "placement_group": "",
            "placement_partition_number": 0,
            "primary_network_interface_id": "eni-0bfb41722e0b3175a",
            "private_dns": "ip-10-0-1-100.eu-west-1.compute.internal",
            "private_dns_name_options": [
              {
                "enable_resource_name_dns_a_record": false,
                "enable_resource_name_dns_aaaa_record": false,
                "hostname_type": "ip-name"
              }
            ],
            "private_ip": "10.0.1.100",
            "public_dns": "",
            "public_ip": "",
            "root_block_device": [
              {
                "delete_on_termination": true,
                "device_name": "/dev/sda1",
                "encrypted": false,
                "iops": 3000,
                "kms_key_id": "",
                "tags": {},
                "tags_all": {},
                "throughput": 125,
                "volume_id": "vol-0322abcf8fab3c061",
                "volume_size": 8,
                "volume_type": "gp3"
              }
            ],
            "secondary_private_ips": [],
            "security_groups": [],
            "source_dest_check": true,
            "spot_instance_request_id": "",
            "subnet_id": "subnet-069943d3cf542ac5d",
            "tags": {
              "Name": "MySQL-server"
            },
            "tags_all": {
              "Name": "MySQL-server"
            },
            "tenancy": "default",
            "timeouts": null,
            "user_data": "e3f43bb4a4331ae44271f20c674d3073f6f91517",
            "user_data_base64": null,
            "user_data_replace_on_change": false,
            "volume_tags": null,
            "vpc_security_group_ids": [
              "sg-0bd1a35271eaf7601"
            ]
          },
          "sensitive_attributes": [],
          "private": "eyJlMmJmYjczMC1lY2FhLTExZTYtOGY4OC0zNDM2M2JjN2M0YzAiOnsiY3JlYXRlIjo2MDAwMDAwMDAwMDAsImRlbGV0ZSI6MTIwMDAwMDAwMDAwMCwicmVhZCI6OTAwMDAwMDAwMDAwLCJ1cGRhdGUiOjYwMDAwMDAwMDAwMH0sInNjaGVtYV92ZXJzaW9uIjoiMSJ9",
          "dependencies": [
            "aws_security_group.SG-SSH-HTTP",
            "aws_subnet.Sub2",
            "data.template_file.SQL"
          ]
        }
      ]
    },
    {
      "mode": "managed",
      "type": "aws_internet_gateway",
      "name": "IGW",
      "provider": "provider[\"registry.terraform.io/hashicorp/aws\"]",
      "instances": [
        {
          "schema_version": 0,
          "attributes": {
            "arn": "arn:aws:ec2:eu-west-1:248189904331:internet-gateway/igw-0a4aa95cf1d63b2ad",
            "id": "igw-0a4aa95cf1d63b2ad",
            "owner_id": "248189904331",
            "tags": null,
            "tags_all": {},
            "timeouts": null,
            "vpc_id": "vpc-055f1002dfba5ca6c"
          },
          "sensitive_attributes": [],
          "private": "eyJlMmJmYjczMC1lY2FhLTExZTYtOGY4OC0zNDM2M2JjN2M0YzAiOnsiY3JlYXRlIjoxMjAwMDAwMDAwMDAwLCJkZWxldGUiOjEyMDAwMDAwMDAwMDAsInVwZGF0ZSI6MTIwMDAwMDAwMDAwMH19",
          "dependencies": [
            "aws_vpc.VPC-Lode"
          ]
        }
      ]
    },
    {
      "mode": "managed",
      "type": "aws_key_pair",
      "name": "keypair",
      "provider": "provider[\"registry.terraform.io/hashicorp/aws\"]",
      "instances": [
        {
          "schema_version": 1,
          "attributes": {
            "arn": "arn:aws:ec2:eu-west-1:248189904331:key-pair/ConnectKey",
            "fingerprint": "48:38:2d:f3:04:46:73:6a:9e:43:9d:95:80:73:69:e8",
            "id": "ConnectKey",
            "key_name": "ConnectKey",
            "key_name_prefix": "",
            "key_pair_id": "key-0e107503c8d45069b",
            "key_type": "rsa",
            "public_key": "ssh-rsa AAAAB3NzaC1yc2EAAAADAQABAAABAQC3z1wfUH35W7b4ZUyuX9CTsFTqMRZIlqdPjXcwRXGJc0a1uLljU9AvEZ0TCTPoJY9lf4D163araXj9QLBzbvdUoMZukXfoogpWm4QKbngN4Q7iryW2aOJ0oZhpmxboQjH6Pq452uPHI4+SJdiyf+ik1rs5xgJhQLncUruGnwZjmFNIRXNUkwv3kS9T7ZKGx2ULvFLgpBYFGS9eul7rJ10MW78B8/lHXLdhug1QgbP8ILIWSyQSVeqqaDZsjQgFTt30jsz0uojc5z4rdywGr3K3WQ9CruJL07pTubcCdQWZS+DWjDovIMfYm69X+4UpCtBGakJIBOm6D2CnAmB86C1z",
            "tags": null,
            "tags_all": {}
          },
          "sensitive_attributes": [],
          "private": "eyJzY2hlbWFfdmVyc2lvbiI6IjEifQ==",
          "dependencies": [
            "tls_private_key.Keypair-test"
          ]
        }
      ]
    },
    {
      "mode": "managed",
      "type": "aws_lambda_function",
      "name": "file_upload",
      "provider": "provider[\"registry.terraform.io/hashicorp/aws\"]",
      "instances": [
        {
          "schema_version": 0,
          "attributes": {
            "architectures": [
              "x86_64"
            ],
            "arn": "arn:aws:lambda:eu-west-1:248189904331:function:s3-upload-function",
            "code_sha256": "i842fb3sMau6trrFvaKi4rKqxCJpZHu9TN0Dnb+xsW4=",
            "code_signing_config_arn": "",
            "dead_letter_config": [],
            "description": "",
            "environment": [
              {
                "variables": {
                  "S3_BUCKET": "tm-lode-bucket"
                }
              }
            ],
            "ephemeral_storage": [
              {
                "size": 512
              }
            ],
            "file_system_config": [],
            "filename": "lambda_function.zip",
            "function_name": "s3-upload-function",
            "handler": "lambda_function.lambda_handler",
            "id": "s3-upload-function",
            "image_config": [],
            "image_uri": "",
            "invoke_arn": "arn:aws:apigateway:eu-west-1:lambda:path/2015-03-31/functions/arn:aws:lambda:eu-west-1:248189904331:function:s3-upload-function/invocations",
            "kms_key_arn": "",
            "last_modified": "2024-12-19T19:52:00.885+0000",
            "layers": null,
            "logging_config": [
              {
                "application_log_level": "",
                "log_format": "Text",
                "log_group": "/aws/lambda/s3-upload-function",
                "system_log_level": ""
              }
            ],
            "memory_size": 128,
            "package_type": "Zip",
            "publish": false,
            "qualified_arn": "arn:aws:lambda:eu-west-1:248189904331:function:s3-upload-function:$LATEST",
            "qualified_invoke_arn": "arn:aws:apigateway:eu-west-1:lambda:path/2015-03-31/functions/arn:aws:lambda:eu-west-1:248189904331:function:s3-upload-function:$LATEST/invocations",
            "replace_security_groups_on_destroy": null,
            "replacement_security_group_ids": null,
            "reserved_concurrent_executions": -1,
            "role": "arn:aws:iam::248189904331:role/LambdaIAM",
            "runtime": "python3.9",
            "s3_bucket": null,
            "s3_key": null,
            "s3_object_version": null,
            "signing_job_arn": "",
            "signing_profile_version_arn": "",
            "skip_destroy": false,
            "snap_start": [],
            "source_code_hash": "",
            "source_code_size": 528,
            "tags": null,
            "tags_all": {},
            "timeout": 3,
            "timeouts": null,
            "tracing_config": [
              {
                "mode": "PassThrough"
              }
            ],
            "version": "$LATEST",
            "vpc_config": []
          },
          "sensitive_attributes": [],
          "private": "eyJlMmJmYjczMC1lY2FhLTExZTYtOGY4OC0zNDM2M2JjN2M0YzAiOnsiY3JlYXRlIjo2MDAwMDAwMDAwMDAsImRlbGV0ZSI6NjAwMDAwMDAwMDAwLCJ1cGRhdGUiOjYwMDAwMDAwMDAwMH19",
          "dependencies": [
            "aws_iam_role.lambda",
            "aws_s3_bucket.tm-lode-bucket"
          ]
        }
      ]
    },
    {
      "mode": "managed",
      "type": "aws_lambda_permission",
      "name": "api_invoke",
      "provider": "provider[\"registry.terraform.io/hashicorp/aws\"]",
      "instances": [
        {
          "schema_version": 0,
          "attributes": {
            "action": "lambda:InvokeFunction",
            "event_source_token": null,
            "function_name": "arn:aws:lambda:eu-west-1:248189904331:function:s3-upload-function",
            "function_url_auth_type": null,
            "id": "AllowAPIGatewayInvoke",
            "principal": "apigateway.amazonaws.com",
            "principal_org_id": null,
            "qualifier": "",
            "source_account": null,
            "source_arn": "arn:aws:execute-api:eu-west-1:248189904331:951qhzjxag/*/*",
            "statement_id": "AllowAPIGatewayInvoke",
            "statement_id_prefix": ""
          },
          "sensitive_attributes": [],
          "private": "bnVsbA==",
          "dependencies": [
            "aws_api_gateway_rest_api.api_upload",
            "aws_lambda_function.file_upload"
          ]
        }
      ]
    },
    {
      "mode": "managed",
      "type": "aws_route",
      "name": "RT-IGW",
      "provider": "provider[\"registry.terraform.io/hashicorp/aws\"]",
      "instances": [
        {
          "schema_version": 0,
          "attributes": {
            "carrier_gateway_id": "",
            "core_network_arn": "",
            "destination_cidr_block": "0.0.0.0/0",
            "destination_ipv6_cidr_block": "",
            "destination_prefix_list_id": "",
            "egress_only_gateway_id": "",
            "gateway_id": "igw-0a4aa95cf1d63b2ad",
            "id": "r-rtb-085ef9e99df8d45a71080289494",
            "instance_id": "",
            "instance_owner_id": "",
            "local_gateway_id": "",
            "nat_gateway_id": "",
            "network_interface_id": "",
            "origin": "CreateRoute",
            "route_table_id": "rtb-085ef9e99df8d45a7",
            "state": "active",
            "timeouts": null,
            "transit_gateway_id": "",
            "vpc_endpoint_id": "",
            "vpc_peering_connection_id": ""
          },
          "sensitive_attributes": [],
          "private": "eyJlMmJmYjczMC1lY2FhLTExZTYtOGY4OC0zNDM2M2JjN2M0YzAiOnsiY3JlYXRlIjozMDAwMDAwMDAwMDAsImRlbGV0ZSI6MzAwMDAwMDAwMDAwLCJ1cGRhdGUiOjEyMDAwMDAwMDAwMH19",
          "dependencies": [
            "aws_internet_gateway.IGW",
            "aws_route_table.RT"
          ]
        }
      ]
    },
    {
      "mode": "managed",
      "type": "aws_route_table",
      "name": "RT",
      "provider": "provider[\"registry.terraform.io/hashicorp/aws\"]",
      "instances": [
        {
          "schema_version": 0,
          "attributes": {
            "arn": "arn:aws:ec2:eu-west-1:248189904331:route-table/rtb-085ef9e99df8d45a7",
            "id": "rtb-085ef9e99df8d45a7",
            "owner_id": "248189904331",
            "propagating_vgws": [],
            "route": [],
            "tags": {
              "name": "RT"
            },
            "tags_all": {
              "name": "RT"
            },
            "timeouts": null,
            "vpc_id": "vpc-055f1002dfba5ca6c"
          },
          "sensitive_attributes": [],
          "private": "eyJlMmJmYjczMC1lY2FhLTExZTYtOGY4OC0zNDM2M2JjN2M0YzAiOnsiY3JlYXRlIjozMDAwMDAwMDAwMDAsImRlbGV0ZSI6MzAwMDAwMDAwMDAwLCJ1cGRhdGUiOjEyMDAwMDAwMDAwMH19",
          "dependencies": [
            "aws_vpc.VPC-Lode"
          ]
        }
      ]
    },
    {
      "mode": "managed",
      "type": "aws_route_table_association",
      "name": "RT-Sub1",
      "provider": "provider[\"registry.terraform.io/hashicorp/aws\"]",
      "instances": [
        {
          "schema_version": 0,
          "attributes": {
            "gateway_id": "",
            "id": "rtbassoc-03e789b2ddd3c4ba1",
            "route_table_id": "rtb-085ef9e99df8d45a7",
            "subnet_id": "subnet-0caa3e71578d1814a",
            "timeouts": null
          },
          "sensitive_attributes": [],
          "private": "eyJlMmJmYjczMC1lY2FhLTExZTYtOGY4OC0zNDM2M2JjN2M0YzAiOnsiY3JlYXRlIjozMDAwMDAwMDAwMDAsImRlbGV0ZSI6MzAwMDAwMDAwMDAwLCJ1cGRhdGUiOjEyMDAwMDAwMDAwMH19",
          "dependencies": [
            "aws_route_table.RT",
            "aws_subnet.Sub1"
          ]
        }
      ]
    },
    {
      "mode": "managed",
      "type": "aws_s3_bucket",
      "name": "tm-lode-bucket",
      "provider": "provider[\"registry.terraform.io/hashicorp/aws\"]",
      "instances": [
        {
          "schema_version": 0,
          "attributes": {
            "acceleration_status": "",
            "acl": null,
            "arn": "arn:aws:s3:::tm-lode-bucket",
            "bucket": "tm-lode-bucket",
            "bucket_domain_name": "tm-lode-bucket.s3.amazonaws.com",
            "bucket_prefix": "",
            "bucket_regional_domain_name": "tm-lode-bucket.s3.eu-west-1.amazonaws.com",
            "cors_rule": [],
            "force_destroy": false,
            "grant": [
              {
                "id": "03ac6f4b7f0f7825ff252886141da2137f79dff3798ca1b97f70019a07a0210d",
                "permissions": [
                  "FULL_CONTROL"
                ],
                "type": "CanonicalUser",
                "uri": ""
              }
            ],
            "hosted_zone_id": "Z1BKCTXD74EZPE",
            "id": "tm-lode-bucket",
            "lifecycle_rule": [],
            "logging": [],
            "object_lock_configuration": [],
            "object_lock_enabled": false,
            "policy": "",
            "region": "eu-west-1",
            "replication_configuration": [],
            "request_payer": "BucketOwner",
            "server_side_encryption_configuration": [
              {
                "rule": [
                  {
                    "apply_server_side_encryption_by_default": [
                      {
                        "kms_master_key_id": "",
                        "sse_algorithm": "AES256"
                      }
                    ],
                    "bucket_key_enabled": false
                  }
                ]
              }
            ],
            "tags": {
              "name": "tm-lode-bucket"
            },
            "tags_all": {
              "name": "tm-lode-bucket"
            },
            "timeouts": null,
            "versioning": [
              {
                "enabled": false,
                "mfa_delete": false
              }
            ],
            "website": [],
            "website_domain": null,
            "website_endpoint": null
          },
          "sensitive_attributes": [],
          "private": "eyJlMmJmYjczMC1lY2FhLTExZTYtOGY4OC0zNDM2M2JjN2M0YzAiOnsiY3JlYXRlIjoxMjAwMDAwMDAwMDAwLCJkZWxldGUiOjM2MDAwMDAwMDAwMDAsInJlYWQiOjEyMDAwMDAwMDAwMDAsInVwZGF0ZSI6MTIwMDAwMDAwMDAwMH19"
        }
      ]
    },
    {
      "mode": "managed",
      "type": "aws_security_group",
      "name": "SG-SSH-HTTP",
      "provider": "provider[\"registry.terraform.io/hashicorp/aws\"]",
      "instances": [
        {
          "schema_version": 1,
          "attributes": {
            "arn": "arn:aws:ec2:eu-west-1:248189904331:security-group/sg-0bd1a35271eaf7601",
            "description": "Managed by Terraform",
            "egress": [
              {
                "cidr_blocks": [
                  "0.0.0.0/0"
                ],
                "description": "",
                "from_port": 0,
                "ipv6_cidr_blocks": [],
                "prefix_list_ids": [],
                "protocol": "-1",
                "security_groups": [],
                "self": false,
                "to_port": 0
              }
            ],
            "id": "sg-0bd1a35271eaf7601",
            "ingress": [
              {
                "cidr_blocks": [
                  "0.0.0.0/0"
                ],
                "description": "",
                "from_port": 0,
                "ipv6_cidr_blocks": [],
                "prefix_list_ids": [],
                "protocol": "-1",
                "security_groups": [],
                "self": false,
                "to_port": 0
              },
              {
                "cidr_blocks": [
                  "0.0.0.0/0"
                ],
                "description": "",
                "from_port": 22,
                "ipv6_cidr_blocks": [],
                "prefix_list_ids": [],
                "protocol": "tcp",
                "security_groups": [],
                "self": false,
                "to_port": 22
              },
              {
                "cidr_blocks": [
                  "0.0.0.0/0"
                ],
                "description": "",
                "from_port": 3306,
                "ipv6_cidr_blocks": [],
                "prefix_list_ids": [],
                "protocol": "tcp",
                "security_groups": [],
                "self": false,
                "to_port": 3306
              },
              {
                "cidr_blocks": [
                  "0.0.0.0/0"
                ],
                "description": "",
                "from_port": 443,
                "ipv6_cidr_blocks": [],
                "prefix_list_ids": [],
                "protocol": "tcp",
                "security_groups": [],
                "self": false,
                "to_port": 443
              },
              {
                "cidr_blocks": [
                  "0.0.0.0/0"
                ],
                "description": "",
                "from_port": 80,
                "ipv6_cidr_blocks": [],
                "prefix_list_ids": [],
                "protocol": "tcp",
                "security_groups": [],
                "self": false,
                "to_port": 80
              }
            ],
            "name": "terraform-20241219195151555200000003",
            "name_prefix": "terraform-",
            "owner_id": "248189904331",
            "revoke_rules_on_delete": false,
            "tags": {
              "name": "SG-SSH-HTTP"
            },
            "tags_all": {
              "name": "SG-SSH-HTTP"
            },
            "timeouts": null,
            "vpc_id": "vpc-055f1002dfba5ca6c"
          },
          "sensitive_attributes": [],
          "private": "eyJlMmJmYjczMC1lY2FhLTExZTYtOGY4OC0zNDM2M2JjN2M0YzAiOnsiY3JlYXRlIjo2MDAwMDAwMDAwMDAsImRlbGV0ZSI6OTAwMDAwMDAwMDAwfSwic2NoZW1hX3ZlcnNpb24iOiIxIn0=",
          "dependencies": [
            "aws_vpc.VPC-Lode"
          ]
        }
      ]
    },
    {
      "mode": "managed",
      "type": "aws_subnet",
      "name": "Sub1",
      "provider": "provider[\"registry.terraform.io/hashicorp/aws\"]",
      "instances": [
        {
          "schema_version": 1,
          "attributes": {
            "arn": "arn:aws:ec2:eu-west-1:248189904331:subnet/subnet-0caa3e71578d1814a",
            "assign_ipv6_address_on_creation": false,
            "availability_zone": "eu-west-1b",
            "availability_zone_id": "euw1-az1",
            "cidr_block": "10.0.0.0/24",
            "customer_owned_ipv4_pool": "",
            "enable_dns64": false,
            "enable_lni_at_device_index": 0,
            "enable_resource_name_dns_a_record_on_launch": false,
            "enable_resource_name_dns_aaaa_record_on_launch": false,
            "id": "subnet-0caa3e71578d1814a",
            "ipv6_cidr_block": "",
            "ipv6_cidr_block_association_id": "",
            "ipv6_native": false,
            "map_customer_owned_ip_on_launch": false,
            "map_public_ip_on_launch": false,
            "outpost_arn": "",
            "owner_id": "248189904331",
            "private_dns_hostname_type_on_launch": "ip-name",
            "tags": {
              "name": "Sub1"
            },
            "tags_all": {
              "name": "Sub1"
            },
            "timeouts": null,
            "vpc_id": "vpc-055f1002dfba5ca6c"
          },
          "sensitive_attributes": [],
          "private": "eyJlMmJmYjczMC1lY2FhLTExZTYtOGY4OC0zNDM2M2JjN2M0YzAiOnsiY3JlYXRlIjo2MDAwMDAwMDAwMDAsImRlbGV0ZSI6MTIwMDAwMDAwMDAwMH0sInNjaGVtYV92ZXJzaW9uIjoiMSJ9",
          "dependencies": [
            "aws_vpc.VPC-Lode"
          ]
        }
      ]
    },
    {
      "mode": "managed",
      "type": "aws_subnet",
      "name": "Sub2",
      "provider": "provider[\"registry.terraform.io/hashicorp/aws\"]",
      "instances": [
        {
          "schema_version": 1,
          "attributes": {
            "arn": "arn:aws:ec2:eu-west-1:248189904331:subnet/subnet-069943d3cf542ac5d",
            "assign_ipv6_address_on_creation": false,
            "availability_zone": "eu-west-1b",
            "availability_zone_id": "euw1-az1",
            "cidr_block": "10.0.1.0/24",
            "customer_owned_ipv4_pool": "",
            "enable_dns64": false,
            "enable_lni_at_device_index": 0,
            "enable_resource_name_dns_a_record_on_launch": false,
            "enable_resource_name_dns_aaaa_record_on_launch": false,
            "id": "subnet-069943d3cf542ac5d",
            "ipv6_cidr_block": "",
            "ipv6_cidr_block_association_id": "",
            "ipv6_native": false,
            "map_customer_owned_ip_on_launch": false,
            "map_public_ip_on_launch": false,
            "outpost_arn": "",
            "owner_id": "248189904331",
            "private_dns_hostname_type_on_launch": "ip-name",
            "tags": {
              "name": "Sub2"
            },
            "tags_all": {
              "name": "Sub2"
            },
            "timeouts": null,
            "vpc_id": "vpc-055f1002dfba5ca6c"
          },
          "sensitive_attributes": [],
          "private": "eyJlMmJmYjczMC1lY2FhLTExZTYtOGY4OC0zNDM2M2JjN2M0YzAiOnsiY3JlYXRlIjo2MDAwMDAwMDAwMDAsImRlbGV0ZSI6MTIwMDAwMDAwMDAwMH0sInNjaGVtYV92ZXJzaW9uIjoiMSJ9",
          "dependencies": [
            "aws_vpc.VPC-Lode"
          ]
        }
      ]
    },
    {
      "mode": "managed",
      "type": "aws_vpc",
      "name": "VPC-Lode",
      "provider": "provider[\"registry.terraform.io/hashicorp/aws\"]",
      "instances": [
        {
          "schema_version": 1,
          "attributes": {
            "arn": "arn:aws:ec2:eu-west-1:248189904331:vpc/vpc-055f1002dfba5ca6c",
            "assign_generated_ipv6_cidr_block": false,
            "cidr_block": "10.0.0.0/16",
            "default_network_acl_id": "acl-06c51c97b28a985fd",
            "default_route_table_id": "rtb-0e29e45deaac4a3bc",
            "default_security_group_id": "sg-042a59fde8fac7ca3",
            "dhcp_options_id": "dopt-034845b7316df4a65",
            "enable_dns_hostnames": false,
            "enable_dns_support": true,
            "enable_network_address_usage_metrics": false,
            "id": "vpc-055f1002dfba5ca6c",
            "instance_tenancy": "default",
            "ipv4_ipam_pool_id": null,
            "ipv4_netmask_length": null,
            "ipv6_association_id": "",
            "ipv6_cidr_block": "",
            "ipv6_cidr_block_network_border_group": "",
            "ipv6_ipam_pool_id": "",
            "ipv6_netmask_length": 0,
            "main_route_table_id": "rtb-0e29e45deaac4a3bc",
            "owner_id": "248189904331",
            "tags": {
              "Name": "VPC-Lode"
            },
            "tags_all": {
              "Name": "VPC-Lode"
            }
          },
          "sensitive_attributes": [],
          "private": "eyJzY2hlbWFfdmVyc2lvbiI6IjEifQ=="
        }
      ]
    },
    {
      "mode": "managed",
      "type": "tls_private_key",
      "name": "Keypair-test",
      "provider": "provider[\"registry.terraform.io/hashicorp/tls\"]",
      "instances": [
        {
          "schema_version": 1,
          "attributes": {
            "algorithm": "RSA",
            "ecdsa_curve": "P224",
            "id": "afcaddc3467b1a5959a44a3810fbf2ea426af837",
            "private_key_openssh": "-----BEGIN OPENSSH PRIVATE KEY-----\nb3BlbnNzaC1rZXktdjEAAAAABG5vbmUAAAAEbm9uZQAAAAAAAAABAAABFwAAAAdz\nc2gtcnNhAAAAAwEAAQAAAQEAt89cH1B9+Vu2+GVMrl/Qk7BU6jEWSJanT413MEVx\niXNGtbi5Y1PQLxGdEwkz6CWPZX+A9et2q2l4/UCwc273VKDGbpF36KIKVpuECm54\nDeEO4q8ltmjidKGYaZsW6EIx+j6uOdrjxyOPkiXYsn/opNa7OcYCYUC53FK7hp8G\nY5hTSEVzVJML95EvU+2ShsdlC7xS4KQWBRkvXrpe6yddDFu/AfP5R1y3YboNUIGz\n/CCyFkskElXqqmg2bI0IBU7d9I7M9LqI3Oc+K3csBq9yt1kPQq7iS9O6U7m3AnUF\nmUvg1ow6LyDH2JuvV/uFKQrQRmpCSATpug9gpwJgfOgtcwAAA7jsrQVG7K0FRgAA\nAAdzc2gtcnNhAAABAQC3z1wfUH35W7b4ZUyuX9CTsFTqMRZIlqdPjXcwRXGJc0a1\nuLljU9AvEZ0TCTPoJY9lf4D163araXj9QLBzbvdUoMZukXfoogpWm4QKbngN4Q7i\nryW2aOJ0oZhpmxboQjH6Pq452uPHI4+SJdiyf+ik1rs5xgJhQLncUruGnwZjmFNI\nRXNUkwv3kS9T7ZKGx2ULvFLgpBYFGS9eul7rJ10MW78B8/lHXLdhug1QgbP8ILIW\nSyQSVeqqaDZsjQgFTt30jsz0uojc5z4rdywGr3K3WQ9CruJL07pTubcCdQWZS+DW\njDovIMfYm69X+4UpCtBGakJIBOm6D2CnAmB86C1zAAAAAwEAAQAAAQEAgMmyk2JT\nkccYMXzQuJD71K9FH/4azet4+T12mITfo1342lS+2ICeKoyd0PuuueavTX+D/Urp\nD/tLwa50s7y5YTtxLYGRUZdPxRUb9C8owRjC1EPCGcfte6jJ4JzA9SWEXQFUE8dx\nt1MMQmtwJMmIWQ73iehaPIgcceop6I497MNacay+JvBaChv+ONThGM59L9b4DqQW\nLpO7WNy7qEgo+20Rb8SylZ+yqv1zmZ6yo71jsnAvzrl3KH7zJGGdQFViyCI2m3fV\nc2hjhPii1EgIlJmcvDKzz/xgVaA3gLtSTvL5jiRypW7nye+fxQ7fGy8Ix0Ew98lo\ntDrcv5JR36MISQAAAIAr6SZQ948qGagCnEE6GnDlI2NgA5buNtZIE2NbjDtVr9X6\n3OfrMa1gsG/Bzx87PMgpB7hMjmIbYZJosKV1DS6xL30TWpZk3NbXWcD2plLUnjgK\n1EJ4vVc0AuB4eaUPCcl2zx5h2Fms9gIBPECegWk/QIRUrdwqDizzXLHXppAKvAAA\nAIEAzAc7wSHEsy36cI09Dq+JAuyMIHUW1g4Kk3OOp3p6Td4emc6He78TS+L5JRh4\nMfqCZvUCPe/0OKNjWvu/vQBLCZfwiUD4Q2Oi1TEkFS6eMwSUaT4QF9zGvCgwih0b\nrAxCbx1092Svx5RkdEAAWGI4I1KTPnLxT8xA+QdgMbKfeccAAACBAOahr4VX8EP0\n4PmWkLRKIuSQjNZ+3OVSjKfKRxIDFq1GMFzOozfv+xmmWMX4l3JfGbBYgZFcXyGt\nyMyjFxBe2mPBHSMP5/nNau2qzpaoX6xw/5drB/3ZNw9uK9CsiOpwYS/XmPFlXOsk\nv3mkSkASUE8oESZypbE8DeYiqcYDYk71AAAAAAEC\n-----END OPENSSH PRIVATE KEY-----\n",
            "private_key_pem": "-----BEGIN RSA PRIVATE KEY-----\nMIIEpAIBAAKCAQEAt89cH1B9+Vu2+GVMrl/Qk7BU6jEWSJanT413MEVxiXNGtbi5\nY1PQLxGdEwkz6CWPZX+A9et2q2l4/UCwc273VKDGbpF36KIKVpuECm54DeEO4q8l\ntmjidKGYaZsW6EIx+j6uOdrjxyOPkiXYsn/opNa7OcYCYUC53FK7hp8GY5hTSEVz\nVJML95EvU+2ShsdlC7xS4KQWBRkvXrpe6yddDFu/AfP5R1y3YboNUIGz/CCyFksk\nElXqqmg2bI0IBU7d9I7M9LqI3Oc+K3csBq9yt1kPQq7iS9O6U7m3AnUFmUvg1ow6\nLyDH2JuvV/uFKQrQRmpCSATpug9gpwJgfOgtcwIDAQABAoIBAQCAybKTYlORxxgx\nfNC4kPvUr0Uf/hrN63j5PXaYhN+jXfjaVL7YgJ4qjJ3Q+6655q9Nf4P9SukP+0vB\nrnSzvLlhO3EtgZFRl0/FFRv0LyjBGMLUQ8IZx+17qMngnMD1JYRdAVQTx3G3UwxC\na3AkyYhZDveJ6Fo8iBxx6inojj3sw1pxrL4m8FoKG/441OEYzn0v1vgOpBYuk7tY\n3LuoSCj7bRFvxLKVn7Kq/XOZnrKjvWOycC/OuXcofvMkYZ1AVWLIIjabd9VzaGOE\n+KLUSAiUmZy8MrPP/GBVoDeAu1JO8vmOJHKlbufJ75/FDt8bLwjHQTD3yWi0Oty/\nklHfowhJAoGBAMwHO8EhxLMt+nCNPQ6viQLsjCB1FtYOCpNzjqd6ek3eHpnOh3u/\nE0vi+SUYeDH6gmb1Aj3v9DijY1r7v70ASwmX8IlA+ENjotUxJBUunjMElGk+EBfc\nxrwoMIodG6wMQm8ddPdkr8eUZHRAAFhiOCNSkz5y8U/MQPkHYDGyn3nHAoGBAOah\nr4VX8EP04PmWkLRKIuSQjNZ+3OVSjKfKRxIDFq1GMFzOozfv+xmmWMX4l3JfGbBY\ngZFcXyGtyMyjFxBe2mPBHSMP5/nNau2qzpaoX6xw/5drB/3ZNw9uK9CsiOpwYS/X\nmPFlXOskv3mkSkASUE8oESZypbE8DeYiqcYDYk71AoGAD2BALZbo5wQBCrhqMJAk\nCDdhfBS26tzWCTS9PHvrebDSp468ASRuRNrPIe+NJ18UssOmLprF0frmQvYUBh9e\niFOOChn+W73HiL+SU5JW08t1j9Tgi5vU0ltJBS+aZUXrP8p9hSNuZ+EUDPrBy+dj\nCa5wcFVjQDtJbjsTEcu/XwMCgYEA3aIbjsUHfAbj/HaY8OkdxxCyh566oRZHXSei\nTMjzDekZqNZbO/I/GFMnlHhk8eA6S6GCQjLGqRLcmOtRysWckaiPW5Z5kzG4xFUU\n2utLpeehd92/fE81/nodWRe1K7Z7bwJ9U93ZAY/7AebEA/aVfrw+XvhmCoBvyu0c\nwdGWs9ECgYAr6SZQ948qGagCnEE6GnDlI2NgA5buNtZIE2NbjDtVr9X63OfrMa1g\nsG/Bzx87PMgpB7hMjmIbYZJosKV1DS6xL30TWpZk3NbXWcD2plLUnjgK1EJ4vVc0\nAuB4eaUPCcl2zx5h2Fms9gIBPECegWk/QIRUrdwqDizzXLHXppAKvA==\n-----END RSA PRIVATE KEY-----\n",
            "private_key_pem_pkcs8": "-----BEGIN PRIVATE KEY-----\nMIIEvgIBADANBgkqhkiG9w0BAQEFAASCBKgwggSkAgEAAoIBAQC3z1wfUH35W7b4\nZUyuX9CTsFTqMRZIlqdPjXcwRXGJc0a1uLljU9AvEZ0TCTPoJY9lf4D163araXj9\nQLBzbvdUoMZukXfoogpWm4QKbngN4Q7iryW2aOJ0oZhpmxboQjH6Pq452uPHI4+S\nJdiyf+ik1rs5xgJhQLncUruGnwZjmFNIRXNUkwv3kS9T7ZKGx2ULvFLgpBYFGS9e\nul7rJ10MW78B8/lHXLdhug1QgbP8ILIWSyQSVeqqaDZsjQgFTt30jsz0uojc5z4r\ndywGr3K3WQ9CruJL07pTubcCdQWZS+DWjDovIMfYm69X+4UpCtBGakJIBOm6D2Cn\nAmB86C1zAgMBAAECggEBAIDJspNiU5HHGDF80LiQ+9SvRR/+Gs3rePk9dpiE36Nd\n+NpUvtiAniqMndD7rrnmr01/g/1K6Q/7S8GudLO8uWE7cS2BkVGXT8UVG/QvKMEY\nwtRDwhnH7XuoyeCcwPUlhF0BVBPHcbdTDEJrcCTJiFkO94noWjyIHHHqKeiOPezD\nWnGsvibwWgob/jjU4RjOfS/W+A6kFi6Tu1jcu6hIKPttEW/EspWfsqr9c5mesqO9\nY7JwL865dyh+8yRhnUBVYsgiNpt31XNoY4T4otRICJSZnLwys8/8YFWgN4C7Uk7y\n+Y4kcqVu58nvn8UO3xsvCMdBMPfJaLQ63L+SUd+jCEkCgYEAzAc7wSHEsy36cI09\nDq+JAuyMIHUW1g4Kk3OOp3p6Td4emc6He78TS+L5JRh4MfqCZvUCPe/0OKNjWvu/\nvQBLCZfwiUD4Q2Oi1TEkFS6eMwSUaT4QF9zGvCgwih0brAxCbx1092Svx5RkdEAA\nWGI4I1KTPnLxT8xA+QdgMbKfeccCgYEA5qGvhVfwQ/Tg+ZaQtEoi5JCM1n7c5VKM\np8pHEgMWrUYwXM6jN+/7GaZYxfiXcl8ZsFiBkVxfIa3IzKMXEF7aY8EdIw/n+c1q\n7arOlqhfrHD/l2sH/dk3D24r0KyI6nBhL9eY8WVc6yS/eaRKQBJQTygRJnKlsTwN\n5iKpxgNiTvUCgYAPYEAtlujnBAEKuGowkCQIN2F8FLbq3NYJNL08e+t5sNKnjrwB\nJG5E2s8h740nXxSyw6YumsXR+uZC9hQGH16IU44KGf5bvceIv5JTklbTy3WP1OCL\nm9TSW0kFL5plRes/yn2FI25n4RQM+sHL52MJrnBwVWNAO0luOxMRy79fAwKBgQDd\nohuOxQd8BuP8dpjw6R3HELKHnrqhFkddJ6JMyPMN6Rmo1ls78j8YUyeUeGTx4DpL\noYJCMsapEtyY61HKxZyRqI9blnmTMbjEVRTa60ul56F33b98TzX+eh1ZF7Urtntv\nAn1T3dkBj/sB5sQD9pV+vD5e+GYKgG/K7RzB0Zaz0QKBgCvpJlD3jyoZqAKcQToa\ncOUjY2ADlu421kgTY1uMO1Wv1frc5+sxrWCwb8HPHzs8yCkHuEyOYhthkmiwpXUN\nLrEvfRNalmTc1tdZwPamUtSeOArUQni9VzQC4Hh5pQ8JyXbPHmHYWaz2AgE8QJ6B\naT9AhFSt3CoOLPNcsdemkAq8\n-----END PRIVATE KEY-----\n",
            "public_key_fingerprint_md5": "78:c2:ac:d7:13:6b:ec:ed:e4:ac:0d:27:0c:08:d2:a5",
            "public_key_fingerprint_sha256": "SHA256:SlQTXecGxNjG8IYsHwgAWLtHXF2pFjSldbn8dxnpPoE",
            "public_key_openssh": "ssh-rsa AAAAB3NzaC1yc2EAAAADAQABAAABAQC3z1wfUH35W7b4ZUyuX9CTsFTqMRZIlqdPjXcwRXGJc0a1uLljU9AvEZ0TCTPoJY9lf4D163araXj9QLBzbvdUoMZukXfoogpWm4QKbngN4Q7iryW2aOJ0oZhpmxboQjH6Pq452uPHI4+SJdiyf+ik1rs5xgJhQLncUruGnwZjmFNIRXNUkwv3kS9T7ZKGx2ULvFLgpBYFGS9eul7rJ10MW78B8/lHXLdhug1QgbP8ILIWSyQSVeqqaDZsjQgFTt30jsz0uojc5z4rdywGr3K3WQ9CruJL07pTubcCdQWZS+DWjDovIMfYm69X+4UpCtBGakJIBOm6D2CnAmB86C1z\n",
            "public_key_pem": "-----BEGIN PUBLIC KEY-----\nMIIBIjANBgkqhkiG9w0BAQEFAAOCAQ8AMIIBCgKCAQEAt89cH1B9+Vu2+GVMrl/Q\nk7BU6jEWSJanT413MEVxiXNGtbi5Y1PQLxGdEwkz6CWPZX+A9et2q2l4/UCwc273\nVKDGbpF36KIKVpuECm54DeEO4q8ltmjidKGYaZsW6EIx+j6uOdrjxyOPkiXYsn/o\npNa7OcYCYUC53FK7hp8GY5hTSEVzVJML95EvU+2ShsdlC7xS4KQWBRkvXrpe6ydd\nDFu/AfP5R1y3YboNUIGz/CCyFkskElXqqmg2bI0IBU7d9I7M9LqI3Oc+K3csBq9y\nt1kPQq7iS9O6U7m3AnUFmUvg1ow6LyDH2JuvV/uFKQrQRmpCSATpug9gpwJgfOgt\ncwIDAQAB\n-----END PUBLIC KEY-----\n",
            "rsa_bits": 2048
          },
          "sensitive_attributes": [
            [
              {
                "type": "get_attr",
                "value": "private_key_pem_pkcs8"
              }
            ],
            [
              {
                "type": "get_attr",
                "value": "private_key_openssh"
              }
            ],
            [
              {
                "type": "get_attr",
                "value": "private_key_pem"
              }
            ]
          ]
        }
      ]
    }
  ],
  "check_results": null
}
